
Microsoft Visual Studio Solution File, Format Version 12.00
# Visual Studio Version 17
VisualStudioVersion = 17.7.34031.279
MinimumVisualStudioVersion = 10.0.40219.1
Project("{FAE04EC0-301F-11D3-BF4B-00C04F79EFBC}") = "SistemasVentas.DAL", "SistemasVentas.DAL\SistemasVentas.DAL.csproj", "{E9809328-764E-445F-99C4-7B5604935709}"
EndProject
Project("{FAE04EC0-301F-11D3-BF4B-00C04F79EFBC}") = "SistemasVentas.BSS", "SistemasVentas.BSS\SistemasVentas.BSS.csproj", "{3F270228-D944-4B71-AB73-1EC913D2E601}"
EndProject
Project("{FAE04EC0-301F-11D3-BF4B-00C04F79EFBC}") = "SistemasVentas.Modelos", "SistemasVentas.Modelos\SistemasVentas.Modelos.csproj", "{6A1DACDC-1576-45E2-A4A7-918C948CC8E7}"
EndProject
Project("{FAE04EC0-301F-11D3-BF4B-00C04F79EFBC}") = "SistemasVentas.VISTA", "SistemasVentas.VISTA\SistemasVentas.VISTA.csproj", "{C3EC5FEB-828D-4CE3-B0D9-A2321714E6B1}"
EndProject
Global
	GlobalSection(SolutionConfigurationPlatforms) = preSolution
		Debug|Any CPU = Debug|Any CPU
		Debug|ARM = Debug|ARM
		Debug|ARM64 = Debug|ARM64
		Debug|x64 = Debug|x64
		Debug|x86 = Debug|x86
		Release|Any CPU = Release|Any CPU
		Release|ARM = Release|ARM
		Release|ARM64 = Release|ARM64
		Release|x64 = Release|x64
		Release|x86 = Release|x86
	EndGlobalSection
	GlobalSection(ProjectConfigurationPlatforms) = postSolution
		{E9809328-764E-445F-99C4-7B5604935709}.Debug|Any CPU.ActiveCfg = Debug|Any CPU
		{E9809328-764E-445F-99C4-7B5604935709}.Debug|Any CPU.Build.0 = Debug|Any CPU
		{E9809328-764E-445F-99C4-7B5604935709}.Debug|ARM.ActiveCfg = Debug|ARM
		{E9809328-764E-445F-99C4-7B5604935709}.Debug|ARM.Build.0 = Debug|ARM
		{E9809328-764E-445F-99C4-7B5604935709}.Debug|ARM64.ActiveCfg = Debug|ARM64
		{E9809328-764E-445F-99C4-7B5604935709}.Debug|ARM64.Build.0 = Debug|ARM64
		{E9809328-764E-445F-99C4-7B5604935709}.Debug|x64.ActiveCfg = Debug|x64
		{E9809328-764E-445F-99C4-7B5604935709}.Debug|x64.Build.0 = Debug|x64
		{E9809328-764E-445F-99C4-7B5604935709}.Debug|x86.ActiveCfg = Debug|x86
		{E9809328-764E-445F-99C4-7B5604935709}.Debug|x86.Build.0 = Debug|x86
		{E9809328-764E-445F-99C4-7B5604935709}.Release|Any CPU.ActiveCfg = Release|Any CPU
		{E9809328-764E-445F-99C4-7B5604935709}.Release|Any CPU.Build.0 = Release|Any CPU
		{E9809328-764E-445F-99C4-7B5604935709}.Release|ARM.ActiveCfg = Release|ARM
		{E9809328-764E-445F-99C4-7B5604935709}.Release|ARM.Build.0 = Release|ARM
		{E9809328-764E-445F-99C4-7B5604935709}.Release|ARM64.ActiveCfg = Release|ARM64
		{E9809328-764E-445F-99C4-7B5604935709}.Release|ARM64.Build.0 = Release|ARM64
		{E9809328-764E-445F-99C4-7B5604935709}.Release|x64.ActiveCfg = Release|x64
		{E9809328-764E-445F-99C4-7B5604935709}.Release|x64.Build.0 = Release|x64
		{E9809328-764E-445F-99C4-7B5604935709}.Release|x86.ActiveCfg = Release|x86
		{E9809328-764E-445F-99C4-7B5604935709}.Release|x86.Build.0 = Release|x86
		{3F270228-D944-4B71-AB73-1EC913D2E601}.Debug|Any CPU.ActiveCfg = Debug|Any CPU
		{3F270228-D944-4B71-AB73-1EC913D2E601}.Debug|Any CPU.Build.0 = Debug|Any CPU
		{3F270228-D944-4B71-AB73-1EC913D2E601}.Debug|ARM.ActiveCfg = Debug|ARM
		{3F270228-D944-4B71-AB73-1EC913D2E601}.Debug|ARM.Build.0 = Debug|ARM
		{3F270228-D944-4B71-AB73-1EC913D2E601}.Debug|ARM64.ActiveCfg = Debug|ARM64
		{3F270228-D944-4B71-AB73-1EC913D2E601}.Debug|ARM64.Build.0 = Debug|ARM64
		{3F270228-D944-4B71-AB73-1EC913D2E601}.Debug|x64.ActiveCfg = Debug|x64
		{3F270228-D944-4B71-AB73-1EC913D2E601}.Debug|x64.Build.0 = Debug|x64
		{3F270228-D944-4B71-AB73-1EC913D2E601}.Debug|x86.ActiveCfg = Debug|x86
		{3F270228-D944-4B71-AB73-1EC913D2E601}.Debug|x86.Build.0 = Debug|x86
		{3F270228-D944-4B71-AB73-1EC913D2E601}.Release|Any CPU.ActiveCfg = Release|Any CPU
		{3F270228-D944-4B71-AB73-1EC913D2E601}.Release|Any CPU.Build.0 = Release|Any CPU
		{3F270228-D944-4B71-AB73-1EC913D2E601}.Release|ARM.ActiveCfg = Release|ARM
		{3F270228-D944-4B71-AB73-1EC913D2E601}.Release|ARM.Build.0 = Release|ARM
		{3F270228-D944-4B71-AB73-1EC913D2E601}.Release|ARM64.ActiveCfg = Release|ARM64
		{3F270228-D944-4B71-AB73-1EC913D2E601}.Release|ARM64.Build.0 = Release|ARM64
		{3F270228-D944-4B71-AB73-1EC913D2E601}.Release|x64.ActiveCfg = Release|x64
		{3F270228-D944-4B71-AB73-1EC913D2E601}.Release|x64.Build.0 = Release|x64
		{3F270228-D944-4B71-AB73-1EC913D2E601}.Release|x86.ActiveCfg = Release|x86
		{3F270228-D944-4B71-AB73-1EC913D2E601}.Release|x86.Build.0 = Release|x86
		{6A1DACDC-1576-45E2-A4A7-918C948CC8E7}.Debug|Any CPU.ActiveCfg = Debug|Any CPU
		{6A1DACDC-1576-45E2-A4A7-918C948CC8E7}.Debug|Any CPU.Build.0 = Debug|Any CPU
		{6A1DACDC-1576-45E2-A4A7-918C948CC8E7}.Debug|ARM.ActiveCfg = Debug|ARM
		{6A1DACDC-1576-45E2-A4A7-918C948CC8E7}.Debug|ARM.Build.0 = Debug|ARM
		{6A1DACDC-1576-45E2-A4A7-918C948CC8E7}.Debug|ARM64.ActiveCfg = Debug|ARM64
		{6A1DACDC-1576-45E2-A4A7-918C948CC8E7}.Debug|ARM64.Build.0 = Debug|ARM64
		{6A1DACDC-1576-45E2-A4A7-918C948CC8E7}.Debug|x64.ActiveCfg = Debug|x64
		{6A1DACDC-1576-45E2-A4A7-918C948CC8E7}.Debug|x64.Build.0 = Debug|x64
		{6A1DACDC-1576-45E2-A4A7-918C948CC8E7}.Debug|x86.ActiveCfg = Debug|x86
		{6A1DACDC-1576-45E2-A4A7-918C948CC8E7}.Debug|x86.Build.0 = Debug|x86
		{6A1DACDC-1576-45E2-A4A7-918C948CC8E7}.Release|Any CPU.ActiveCfg = Release|Any CPU
		{6A1DACDC-1576-45E2-A4A7-918C948CC8E7}.Release|Any CPU.Build.0 = Release|Any CPU
		{6A1DACDC-1576-45E2-A4A7-918C948CC8E7}.Release|ARM.ActiveCfg = Release|ARM
		{6A1DACDC-1576-45E2-A4A7-918C948CC8E7}.Release|ARM.Build.0 = Release|ARM
		{6A1DACDC-1576-45E2-A4A7-918C948CC8E7}.Release|ARM64.ActiveCfg = Release|ARM64
		{6A1DACDC-1576-45E2-A4A7-918C948CC8E7}.Release|ARM64.Build.0 = Release|ARM64
		{6A1DACDC-1576-45E2-A4A7-918C948CC8E7}.Release|x64.ActiveCfg = Release|x64
		{6A1DACDC-1576-45E2-A4A7-918C948CC8E7}.Release|x64.Build.0 = Release|x64
		{6A1DACDC-1576-45E2-A4A7-918C948CC8E7}.Release|x86.ActiveCfg = Release|x86
		{6A1DACDC-1576-45E2-A4A7-918C948CC8E7}.Release|x86.Build.0 = Release|x86
		{C3EC5FEB-828D-4CE3-B0D9-A2321714E6B1}.Debug|Any CPU.ActiveCfg = Debug|Any CPU
		{C3EC5FEB-828D-4CE3-B0D9-A2321714E6B1}.Debug|Any CPU.Build.0 = Debug|Any CPU
		{C3EC5FEB-828D-4CE3-B0D9-A2321714E6B1}.Debug|ARM.ActiveCfg = Debug|Any CPU
		{C3EC5FEB-828D-4CE3-B0D9-A2321714E6B1}.Debug|ARM.Build.0 = Debug|Any CPU
		{C3EC5FEB-828D-4CE3-B0D9-A2321714E6B1}.Debug|ARM64.ActiveCfg = Debug|Any CPU
		{C3EC5FEB-828D-4CE3-B0D9-A2321714E6B1}.Debug|ARM64.Build.0 = Debug|Any CPU
		{C3EC5FEB-828D-4CE3-B0D9-A2321714E6B1}.Debug|x64.ActiveCfg = Debug|Any CPU
		{C3EC5FEB-828D-4CE3-B0D9-A2321714E6B1}.Debug|x64.Build.0 = Debug|Any CPU
		{C3EC5FEB-828D-4CE3-B0D9-A2321714E6B1}.Debug|x86.ActiveCfg = Debug|Any CPU
		{C3EC5FEB-828D-4CE3-B0D9-A2321714E6B1}.Debug|x86.Build.0 = Debug|Any CPU
		{C3EC5FEB-828D-4CE3-B0D9-A2321714E6B1}.Release|Any CPU.ActiveCfg = Release|Any CPU
		{C3EC5FEB-828D-4CE3-B0D9-A2321714E6B1}.Release|Any CPU.Build.0 = Release|Any CPU
		{C3EC5FEB-828D-4CE3-B0D9-A2321714E6B1}.Release|ARM.ActiveCfg = Release|Any CPU
		{C3EC5FEB-828D-4CE3-B0D9-A2321714E6B1}.Release|ARM.Build.0 = Release|Any CPU
		{C3EC5FEB-828D-4CE3-B0D9-A2321714E6B1}.Release|ARM64.ActiveCfg = Release|Any CPU
		{C3EC5FEB-828D-4CE3-B0D9-A2321714E6B1}.Release|ARM64.Build.0 = Release|Any CPU
		{C3EC5FEB-828D-4CE3-B0D9-A2321714E6B1}.Release|x64.ActiveCfg = Release|Any CPU
		{C3EC5FEB-828D-4CE3-B0D9-A2321714E6B1}.Release|x64.Build.0 = Release|Any CPU
		{C3EC5FEB-828D-4CE3-B0D9-A2321714E6B1}.Release|x86.ActiveCfg = Release|Any CPU
		{C3EC5FEB-828D-4CE3-B0D9-A2321714E6B1}.Release|x86.Build.0 = Release|Any CPU
	EndGlobalSection
	GlobalSection(SolutionProperties) = preSolution
		HideSolutionNode = FALSE
	EndGlobalSection
	GlobalSection(ExtensibilityGlobals) = postSolution
		SolutionGuid = {003A5BE0-B376-4860-8AEB-832E8D521EDE}
	EndGlobalSection
EndGlobal
